// !$*UTF8*$!
{
	archiveVersion = 1;
	classes = {
	};
	objectVersion = 77;
	objects = {

/* Begin PBXBuildFile section */
		732C93A42CB034440091B8EE /* environ.h in Headers */ = {isa = PBXBuildFile; fileRef = 732C93822CB034440091B8EE /* environ.h */; };
		732C93A52CB034440091B8EE /* lobj.h in Headers */ = {isa = PBXBuildFile; fileRef = 732C93862CB034440091B8EE /* lobj.h */; };
		732C93A62CB034440091B8EE /* convert.h in Headers */ = {isa = PBXBuildFile; fileRef = 732C937A2CB034440091B8EE /* convert.h */; };
		732C93A72CB034440091B8EE /* xalibname.h in Headers */ = {isa = PBXBuildFile; fileRef = 732C93A32CB034440091B8EE /* xalibname.h */; };
		732C93A82CB034440091B8EE /* psqlodbc.h in Headers */ = {isa = PBXBuildFile; fileRef = 732C93972CB034440091B8EE /* psqlodbc.h */; };
		732C93A92CB034440091B8EE /* bind.h in Headers */ = {isa = PBXBuildFile; fileRef = 732C93732CB034440091B8EE /* bind.h */; };
		732C93AA2CB034440091B8EE /* catfunc.h in Headers */ = {isa = PBXBuildFile; fileRef = 732C93752CB034440091B8EE /* catfunc.h */; };
		732C93AB2CB034440091B8EE /* descriptor.h in Headers */ = {isa = PBXBuildFile; fileRef = 732C937C2CB034440091B8EE /* descriptor.h */; };
		732C93AC2CB034440091B8EE /* pgapifunc.h in Headers */ = {isa = PBXBuildFile; fileRef = 732C93932CB034440091B8EE /* pgapifunc.h */; };
		732C93AD2CB034440091B8EE /* pgenlist.h in Headers */ = {isa = PBXBuildFile; fileRef = 732C93942CB034440091B8EE /* pgenlist.h */; };
		732C93AE2CB034440091B8EE /* mylog.h in Headers */ = {isa = PBXBuildFile; fileRef = 732C938C2CB034440091B8EE /* mylog.h */; };
		732C93AF2CB034440091B8EE /* multibyte.h in Headers */ = {isa = PBXBuildFile; fileRef = 732C938A2CB034440091B8EE /* multibyte.h */; };
		732C93B02CB034440091B8EE /* tuple.h in Headers */ = {isa = PBXBuildFile; fileRef = 732C939F2CB034440091B8EE /* tuple.h */; };
		732C93B12CB034440091B8EE /* pgtypes.h in Headers */ = {isa = PBXBuildFile; fileRef = 732C93952CB034440091B8EE /* pgtypes.h */; };
		732C93B22CB034440091B8EE /* unicode_support.h in Headers */ = {isa = PBXBuildFile; fileRef = 732C93A12CB034440091B8EE /* unicode_support.h */; };
		732C93B32CB034440091B8EE /* resource.h in Headers */ = {isa = PBXBuildFile; fileRef = 732C939B2CB034440091B8EE /* resource.h */; };
		732C93B42CB034440091B8EE /* version.h in Headers */ = {isa = PBXBuildFile; fileRef = 732C93A22CB034440091B8EE /* version.h */; };
		732C93B52CB034440091B8EE /* columninfo.h in Headers */ = {isa = PBXBuildFile; fileRef = 732C93762CB034440091B8EE /* columninfo.h */; };
		732C93B62CB034440091B8EE /* connection.h in Headers */ = {isa = PBXBuildFile; fileRef = 732C93782CB034440091B8EE /* connection.h */; };
		732C93B72CB034440091B8EE /* dlg_specific.h in Headers */ = {isa = PBXBuildFile; fileRef = 732C937E2CB034440091B8EE /* dlg_specific.h */; };
		732C93B82CB034440091B8EE /* qresult.h in Headers */ = {isa = PBXBuildFile; fileRef = 732C93992CB034440091B8EE /* qresult.h */; };
		732C93B92CB034440091B8EE /* misc.h in Headers */ = {isa = PBXBuildFile; fileRef = 732C93882CB034440091B8EE /* misc.h */; };
		732C93BA2CB034440091B8EE /* statement.h in Headers */ = {isa = PBXBuildFile; fileRef = 732C939D2CB034440091B8EE /* statement.h */; };
		732C93BB2CB034440091B8EE /* drvconn.c in Sources */ = {isa = PBXBuildFile; fileRef = 732C93802CB034440091B8EE /* drvconn.c */; };
		732C93BC2CB034440091B8EE /* descriptor.c in Sources */ = {isa = PBXBuildFile; fileRef = 732C937D2CB034440091B8EE /* descriptor.c */; };
		732C93BD2CB034440091B8EE /* statement.c in Sources */ = {isa = PBXBuildFile; fileRef = 732C939E2CB034440091B8EE /* statement.c */; };
		732C93BE2CB034440091B8EE /* misc.c in Sources */ = {isa = PBXBuildFile; fileRef = 732C93892CB034440091B8EE /* misc.c */; };
		732C93BF2CB034440091B8EE /* lobj.c in Sources */ = {isa = PBXBuildFile; fileRef = 732C93872CB034440091B8EE /* lobj.c */; };
		732C93C02CB034440091B8EE /* options.c in Sources */ = {isa = PBXBuildFile; fileRef = 732C93902CB034440091B8EE /* options.c */; };
		732C93C12CB034440091B8EE /* results.c in Sources */ = {isa = PBXBuildFile; fileRef = 732C939C2CB034440091B8EE /* results.c */; };
		732C93C22CB034440091B8EE /* connection.c in Sources */ = {isa = PBXBuildFile; fileRef = 732C93792CB034440091B8EE /* connection.c */; };
		732C93C32CB034440091B8EE /* qresult.c in Sources */ = {isa = PBXBuildFile; fileRef = 732C939A2CB034440091B8EE /* qresult.c */; };
		732C93C42CB034440091B8EE /* dlg_specific.c in Sources */ = {isa = PBXBuildFile; fileRef = 732C937F2CB034440091B8EE /* dlg_specific.c */; };
		732C93C52CB034440091B8EE /* environ.c in Sources */ = {isa = PBXBuildFile; fileRef = 732C93832CB034440091B8EE /* environ.c */; };
		732C93C62CB034440091B8EE /* odbcapi.c in Sources */ = {isa = PBXBuildFile; fileRef = 732C938E2CB034440091B8EE /* odbcapi.c */; };
		732C93C72CB034440091B8EE /* odbcapi30.c in Sources */ = {isa = PBXBuildFile; fileRef = 732C938F2CB034440091B8EE /* odbcapi30.c */; };
		732C93C82CB034440091B8EE /* mylog.c in Sources */ = {isa = PBXBuildFile; fileRef = 732C938D2CB034440091B8EE /* mylog.c */; };
		732C93C92CB034440091B8EE /* pgtypes.c in Sources */ = {isa = PBXBuildFile; fileRef = 732C93962CB034440091B8EE /* pgtypes.c */; };
		732C93CA2CB034440091B8EE /* parse.c in Sources */ = {isa = PBXBuildFile; fileRef = 732C93912CB034440091B8EE /* parse.c */; };
		732C93CB2CB034440091B8EE /* execute.c in Sources */ = {isa = PBXBuildFile; fileRef = 732C93842CB034440091B8EE /* execute.c */; };
		732C93CC2CB034440091B8EE /* info.c in Sources */ = {isa = PBXBuildFile; fileRef = 732C93852CB034440091B8EE /* info.c */; };
		732C93CD2CB034440091B8EE /* multibyte.c in Sources */ = {isa = PBXBuildFile; fileRef = 732C938B2CB034440091B8EE /* multibyte.c */; };
		732C93CE2CB034440091B8EE /* tuple.c in Sources */ = {isa = PBXBuildFile; fileRef = 732C93A02CB034440091B8EE /* tuple.c */; };
		732C93CF2CB034440091B8EE /* columninfo.c in Sources */ = {isa = PBXBuildFile; fileRef = 732C93772CB034440091B8EE /* columninfo.c */; };
		732C93D02CB034440091B8EE /* pgapi30.c in Sources */ = {isa = PBXBuildFile; fileRef = 732C93922CB034440091B8EE /* pgapi30.c */; };
		732C93D12CB034440091B8EE /* convert.c in Sources */ = {isa = PBXBuildFile; fileRef = 732C937B2CB034440091B8EE /* convert.c */; };
		732C93D22CB034440091B8EE /* psqlodbc.c in Sources */ = {isa = PBXBuildFile; fileRef = 732C93982CB034440091B8EE /* psqlodbc.c */; };
		732C93D32CB034440091B8EE /* bind.c in Sources */ = {isa = PBXBuildFile; fileRef = 732C93742CB034440091B8EE /* bind.c */; };
		732C93D72CB034740091B8EE /* odbcapi30w.c in Sources */ = {isa = PBXBuildFile; fileRef = 732C93D42CB034740091B8EE /* odbcapi30w.c */; };
		732C93D82CB034740091B8EE /* odbcapiw.c in Sources */ = {isa = PBXBuildFile; fileRef = 732C93D52CB034740091B8EE /* odbcapiw.c */; };
		732C93D92CB034740091B8EE /* win_unicode.c in Sources */ = {isa = PBXBuildFile; fileRef = 732C93D62CB034740091B8EE /* win_unicode.c */; };
		732C94172CB035CC0091B8EE /* federation.h in Headers */ = {isa = PBXBuildFile; fileRef = 732C940D2CB035CC0091B8EE /* federation.h */; };
		732C94182CB035CC0091B8EE /* rds_api.h in Headers */ = {isa = PBXBuildFile; fileRef = 732C94102CB035CC0091B8EE /* rds_api.h */; };
		732C94192CB035CC0091B8EE /* adfs.h in Headers */ = {isa = PBXBuildFile; fileRef = 732C940A2CB035CC0091B8EE /* adfs.h */; };
		732C941A2CB035CC0091B8EE /* federation.cpp in Sources */ = {isa = PBXBuildFile; fileRef = 732C940E2CB035CC0091B8EE /* federation.cpp */; };
		732C941B2CB035CC0091B8EE /* rds_api.cpp in Sources */ = {isa = PBXBuildFile; fileRef = 732C94112CB035CC0091B8EE /* rds_api.cpp */; };
		732C941C2CB035CC0091B8EE /* adfs.cpp in Sources */ = {isa = PBXBuildFile; fileRef = 732C940B2CB035CC0091B8EE /* adfs.cpp */; };
		732C941F2CB0380F0091B8EE /* CoreFoundation.framework in Frameworks */ = {isa = PBXBuildFile; fileRef = 732C941E2CB0380F0091B8EE /* CoreFoundation.framework */; };
		732C94212CB0381E0091B8EE /* Security.framework in Frameworks */ = {isa = PBXBuildFile; fileRef = 732C94202CB0381E0091B8EE /* Security.framework */; };
		7369D14C2CB0627000CBF22B /* environ.h in Headers */ = {isa = PBXBuildFile; fileRef = 732C93822CB034440091B8EE /* environ.h */; };
		7369D14D2CB0627000CBF22B /* lobj.h in Headers */ = {isa = PBXBuildFile; fileRef = 732C93862CB034440091B8EE /* lobj.h */; };
		7369D14E2CB0627000CBF22B /* convert.h in Headers */ = {isa = PBXBuildFile; fileRef = 732C937A2CB034440091B8EE /* convert.h */; };
		7369D14F2CB0627000CBF22B /* xalibname.h in Headers */ = {isa = PBXBuildFile; fileRef = 732C93A32CB034440091B8EE /* xalibname.h */; };
		7369D1502CB0627000CBF22B /* psqlodbc.h in Headers */ = {isa = PBXBuildFile; fileRef = 732C93972CB034440091B8EE /* psqlodbc.h */; };
		7369D1512CB0627000CBF22B /* bind.h in Headers */ = {isa = PBXBuildFile; fileRef = 732C93732CB034440091B8EE /* bind.h */; };
		7369D1522CB0627000CBF22B /* catfunc.h in Headers */ = {isa = PBXBuildFile; fileRef = 732C93752CB034440091B8EE /* catfunc.h */; };
		7369D1532CB0627000CBF22B /* descriptor.h in Headers */ = {isa = PBXBuildFile; fileRef = 732C937C2CB034440091B8EE /* descriptor.h */; };
		7369D1542CB0627000CBF22B /* pgapifunc.h in Headers */ = {isa = PBXBuildFile; fileRef = 732C93932CB034440091B8EE /* pgapifunc.h */; };
		7369D1552CB0627000CBF22B /* pgenlist.h in Headers */ = {isa = PBXBuildFile; fileRef = 732C93942CB034440091B8EE /* pgenlist.h */; };
		7369D1562CB0627000CBF22B /* mylog.h in Headers */ = {isa = PBXBuildFile; fileRef = 732C938C2CB034440091B8EE /* mylog.h */; };
		7369D1572CB0627000CBF22B /* multibyte.h in Headers */ = {isa = PBXBuildFile; fileRef = 732C938A2CB034440091B8EE /* multibyte.h */; };
		7369D1582CB0627000CBF22B /* tuple.h in Headers */ = {isa = PBXBuildFile; fileRef = 732C939F2CB034440091B8EE /* tuple.h */; };
		7369D1592CB0627000CBF22B /* pgtypes.h in Headers */ = {isa = PBXBuildFile; fileRef = 732C93952CB034440091B8EE /* pgtypes.h */; };
		7369D15A2CB0627000CBF22B /* federation.h in Headers */ = {isa = PBXBuildFile; fileRef = 732C940D2CB035CC0091B8EE /* federation.h */; };
		7369D15B2CB0627000CBF22B /* rds_api.h in Headers */ = {isa = PBXBuildFile; fileRef = 732C94102CB035CC0091B8EE /* rds_api.h */; };
		7369D15C2CB0627000CBF22B /* adfs.h in Headers */ = {isa = PBXBuildFile; fileRef = 732C940A2CB035CC0091B8EE /* adfs.h */; };
		7369D15D2CB0627000CBF22B /* unicode_support.h in Headers */ = {isa = PBXBuildFile; fileRef = 732C93A12CB034440091B8EE /* unicode_support.h */; };
		7369D15E2CB0627000CBF22B /* resource.h in Headers */ = {isa = PBXBuildFile; fileRef = 732C939B2CB034440091B8EE /* resource.h */; };
		7369D15F2CB0627000CBF22B /* version.h in Headers */ = {isa = PBXBuildFile; fileRef = 732C93A22CB034440091B8EE /* version.h */; };
		7369D1602CB0627000CBF22B /* columninfo.h in Headers */ = {isa = PBXBuildFile; fileRef = 732C93762CB034440091B8EE /* columninfo.h */; };
		7369D1612CB0627000CBF22B /* connection.h in Headers */ = {isa = PBXBuildFile; fileRef = 732C93782CB034440091B8EE /* connection.h */; };
		7369D1622CB0627000CBF22B /* dlg_specific.h in Headers */ = {isa = PBXBuildFile; fileRef = 732C937E2CB034440091B8EE /* dlg_specific.h */; };
		7369D1632CB0627000CBF22B /* qresult.h in Headers */ = {isa = PBXBuildFile; fileRef = 732C93992CB034440091B8EE /* qresult.h */; };
		7369D1642CB0627000CBF22B /* misc.h in Headers */ = {isa = PBXBuildFile; fileRef = 732C93882CB034440091B8EE /* misc.h */; };
		7369D1652CB0627000CBF22B /* statement.h in Headers */ = {isa = PBXBuildFile; fileRef = 732C939D2CB034440091B8EE /* statement.h */; };
		7369D1672CB0627000CBF22B /* drvconn.c in Sources */ = {isa = PBXBuildFile; fileRef = 732C93802CB034440091B8EE /* drvconn.c */; };
		7369D1682CB0627000CBF22B /* descriptor.c in Sources */ = {isa = PBXBuildFile; fileRef = 732C937D2CB034440091B8EE /* descriptor.c */; };
		7369D1692CB0627000CBF22B /* statement.c in Sources */ = {isa = PBXBuildFile; fileRef = 732C939E2CB034440091B8EE /* statement.c */; };
		7369D16A2CB0627000CBF22B /* misc.c in Sources */ = {isa = PBXBuildFile; fileRef = 732C93892CB034440091B8EE /* misc.c */; };
		7369D16B2CB0627000CBF22B /* lobj.c in Sources */ = {isa = PBXBuildFile; fileRef = 732C93872CB034440091B8EE /* lobj.c */; };
		7369D16C2CB0627000CBF22B /* options.c in Sources */ = {isa = PBXBuildFile; fileRef = 732C93902CB034440091B8EE /* options.c */; };
		7369D16D2CB0627000CBF22B /* results.c in Sources */ = {isa = PBXBuildFile; fileRef = 732C939C2CB034440091B8EE /* results.c */; };
		7369D16E2CB0627000CBF22B /* connection.c in Sources */ = {isa = PBXBuildFile; fileRef = 732C93792CB034440091B8EE /* connection.c */; };
		7369D16F2CB0627000CBF22B /* qresult.c in Sources */ = {isa = PBXBuildFile; fileRef = 732C939A2CB034440091B8EE /* qresult.c */; };
		7369D1702CB0627000CBF22B /* dlg_specific.c in Sources */ = {isa = PBXBuildFile; fileRef = 732C937F2CB034440091B8EE /* dlg_specific.c */; };
		7369D1712CB0627000CBF22B /* environ.c in Sources */ = {isa = PBXBuildFile; fileRef = 732C93832CB034440091B8EE /* environ.c */; };
		7369D1722CB0627000CBF22B /* odbcapi.c in Sources */ = {isa = PBXBuildFile; fileRef = 732C938E2CB034440091B8EE /* odbcapi.c */; };
		7369D1732CB0627000CBF22B /* odbcapi30.c in Sources */ = {isa = PBXBuildFile; fileRef = 732C938F2CB034440091B8EE /* odbcapi30.c */; };
		7369D1742CB0627000CBF22B /* mylog.c in Sources */ = {isa = PBXBuildFile; fileRef = 732C938D2CB034440091B8EE /* mylog.c */; };
		7369D1752CB0627000CBF22B /* pgtypes.c in Sources */ = {isa = PBXBuildFile; fileRef = 732C93962CB034440091B8EE /* pgtypes.c */; };
		7369D1762CB0627000CBF22B /* parse.c in Sources */ = {isa = PBXBuildFile; fileRef = 732C93912CB034440091B8EE /* parse.c */; };
		7369D1772CB0627000CBF22B /* execute.c in Sources */ = {isa = PBXBuildFile; fileRef = 732C93842CB034440091B8EE /* execute.c */; };
		7369D1782CB0627000CBF22B /* info.c in Sources */ = {isa = PBXBuildFile; fileRef = 732C93852CB034440091B8EE /* info.c */; };
		7369D1792CB0627000CBF22B /* multibyte.c in Sources */ = {isa = PBXBuildFile; fileRef = 732C938B2CB034440091B8EE /* multibyte.c */; };
		7369D17A2CB0627000CBF22B /* tuple.c in Sources */ = {isa = PBXBuildFile; fileRef = 732C93A02CB034440091B8EE /* tuple.c */; };
		7369D17B2CB0627000CBF22B /* columninfo.c in Sources */ = {isa = PBXBuildFile; fileRef = 732C93772CB034440091B8EE /* columninfo.c */; };
		7369D17C2CB0627000CBF22B /* pgapi30.c in Sources */ = {isa = PBXBuildFile; fileRef = 732C93922CB034440091B8EE /* pgapi30.c */; };
		7369D17D2CB0627000CBF22B /* convert.c in Sources */ = {isa = PBXBuildFile; fileRef = 732C937B2CB034440091B8EE /* convert.c */; };
		7369D1802CB0627000CBF22B /* federation.cpp in Sources */ = {isa = PBXBuildFile; fileRef = 732C940E2CB035CC0091B8EE /* federation.cpp */; };
		7369D1812CB0627000CBF22B /* rds_api.cpp in Sources */ = {isa = PBXBuildFile; fileRef = 732C94112CB035CC0091B8EE /* rds_api.cpp */; };
		7369D1822CB0627000CBF22B /* adfs.cpp in Sources */ = {isa = PBXBuildFile; fileRef = 732C940B2CB035CC0091B8EE /* adfs.cpp */; };
		7369D1842CB0627000CBF22B /* psqlodbc.c in Sources */ = {isa = PBXBuildFile; fileRef = 732C93982CB034440091B8EE /* psqlodbc.c */; };
		7369D1852CB0627000CBF22B /* bind.c in Sources */ = {isa = PBXBuildFile; fileRef = 732C93742CB034440091B8EE /* bind.c */; };
		7369D1872CB0627000CBF22B /* Security.framework in Frameworks */ = {isa = PBXBuildFile; fileRef = 732C94202CB0381E0091B8EE /* Security.framework */; };
		7369D1882CB0627000CBF22B /* CoreFoundation.framework in Frameworks */ = {isa = PBXBuildFile; fileRef = 732C941E2CB0380F0091B8EE /* CoreFoundation.framework */; };
/* End PBXBuildFile section */

/* Begin PBXFileReference section */
		732C935F2CB023170091B8EE /* libawspgsqlodbcw.dylib */ = {isa = PBXFileReference; explicitFileType = "compiled.mach-o.dylib"; includeInIndex = 0; path = libawspgsqlodbcw.dylib; sourceTree = BUILT_PRODUCTS_DIR; };
		732C93732CB034440091B8EE /* bind.h */ = {isa = PBXFileReference; lastKnownFileType = sourcecode.c.h; path = bind.h; sourceTree = "<group>"; };
		732C93742CB034440091B8EE /* bind.c */ = {isa = PBXFileReference; lastKnownFileType = sourcecode.c.c; path = bind.c; sourceTree = "<group>"; };
		732C93752CB034440091B8EE /* catfunc.h */ = {isa = PBXFileReference; lastKnownFileType = sourcecode.c.h; path = catfunc.h; sourceTree = "<group>"; };
		732C93762CB034440091B8EE /* columninfo.h */ = {isa = PBXFileReference; lastKnownFileType = sourcecode.c.h; path = columninfo.h; sourceTree = "<group>"; };
		732C93772CB034440091B8EE /* columninfo.c */ = {isa = PBXFileReference; lastKnownFileType = sourcecode.c.c; path = columninfo.c; sourceTree = "<group>"; };
		732C93782CB034440091B8EE /* connection.h */ = {isa = PBXFileReference; lastKnownFileType = sourcecode.c.h; path = connection.h; sourceTree = "<group>"; };
		732C93792CB034440091B8EE /* connection.c */ = {isa = PBXFileReference; lastKnownFileType = sourcecode.c.c; path = connection.c; sourceTree = "<group>"; };
		732C937A2CB034440091B8EE /* convert.h */ = {isa = PBXFileReference; lastKnownFileType = sourcecode.c.h; path = convert.h; sourceTree = "<group>"; };
		732C937B2CB034440091B8EE /* convert.c */ = {isa = PBXFileReference; lastKnownFileType = sourcecode.c.c; path = convert.c; sourceTree = "<group>"; };
		732C937C2CB034440091B8EE /* descriptor.h */ = {isa = PBXFileReference; lastKnownFileType = sourcecode.c.h; path = descriptor.h; sourceTree = "<group>"; };
		732C937D2CB034440091B8EE /* descriptor.c */ = {isa = PBXFileReference; lastKnownFileType = sourcecode.c.c; path = descriptor.c; sourceTree = "<group>"; };
		732C937E2CB034440091B8EE /* dlg_specific.h */ = {isa = PBXFileReference; lastKnownFileType = sourcecode.c.h; path = dlg_specific.h; sourceTree = "<group>"; };
		732C937F2CB034440091B8EE /* dlg_specific.c */ = {isa = PBXFileReference; lastKnownFileType = sourcecode.c.c; path = dlg_specific.c; sourceTree = "<group>"; };
		732C93802CB034440091B8EE /* drvconn.c */ = {isa = PBXFileReference; lastKnownFileType = sourcecode.c.c; path = drvconn.c; sourceTree = "<group>"; };
		732C93812CB034440091B8EE /* drvconn.lo */ = {isa = PBXFileReference; lastKnownFileType = text; path = drvconn.lo; sourceTree = "<group>"; };
		732C93822CB034440091B8EE /* environ.h */ = {isa = PBXFileReference; lastKnownFileType = sourcecode.c.h; path = environ.h; sourceTree = "<group>"; };
		732C93832CB034440091B8EE /* environ.c */ = {isa = PBXFileReference; lastKnownFileType = sourcecode.c.c; path = environ.c; sourceTree = "<group>"; };
		732C93842CB034440091B8EE /* execute.c */ = {isa = PBXFileReference; lastKnownFileType = sourcecode.c.c; path = execute.c; sourceTree = "<group>"; };
		732C93852CB034440091B8EE /* info.c */ = {isa = PBXFileReference; lastKnownFileType = sourcecode.c.c; path = info.c; sourceTree = "<group>"; };
		732C93862CB034440091B8EE /* lobj.h */ = {isa = PBXFileReference; lastKnownFileType = sourcecode.c.h; path = lobj.h; sourceTree = "<group>"; };
		732C93872CB034440091B8EE /* lobj.c */ = {isa = PBXFileReference; lastKnownFileType = sourcecode.c.c; path = lobj.c; sourceTree = "<group>"; };
		732C93882CB034440091B8EE /* misc.h */ = {isa = PBXFileReference; lastKnownFileType = sourcecode.c.h; path = misc.h; sourceTree = "<group>"; };
		732C93892CB034440091B8EE /* misc.c */ = {isa = PBXFileReference; lastKnownFileType = sourcecode.c.c; path = misc.c; sourceTree = "<group>"; };
		732C938A2CB034440091B8EE /* multibyte.h */ = {isa = PBXFileReference; lastKnownFileType = sourcecode.c.h; path = multibyte.h; sourceTree = "<group>"; };
		732C938B2CB034440091B8EE /* multibyte.c */ = {isa = PBXFileReference; lastKnownFileType = sourcecode.c.c; path = multibyte.c; sourceTree = "<group>"; };
		732C938C2CB034440091B8EE /* mylog.h */ = {isa = PBXFileReference; lastKnownFileType = sourcecode.c.h; path = mylog.h; sourceTree = "<group>"; };
		732C938D2CB034440091B8EE /* mylog.c */ = {isa = PBXFileReference; lastKnownFileType = sourcecode.c.c; path = mylog.c; sourceTree = "<group>"; };
		732C938E2CB034440091B8EE /* odbcapi.c */ = {isa = PBXFileReference; lastKnownFileType = sourcecode.c.c; path = odbcapi.c; sourceTree = "<group>"; };
		732C938F2CB034440091B8EE /* odbcapi30.c */ = {isa = PBXFileReference; lastKnownFileType = sourcecode.c.c; path = odbcapi30.c; sourceTree = "<group>"; };
		732C93902CB034440091B8EE /* options.c */ = {isa = PBXFileReference; lastKnownFileType = sourcecode.c.c; path = options.c; sourceTree = "<group>"; };
		732C93912CB034440091B8EE /* parse.c */ = {isa = PBXFileReference; lastKnownFileType = sourcecode.c.c; path = parse.c; sourceTree = "<group>"; };
		732C93922CB034440091B8EE /* pgapi30.c */ = {isa = PBXFileReference; lastKnownFileType = sourcecode.c.c; path = pgapi30.c; sourceTree = "<group>"; };
		732C93932CB034440091B8EE /* pgapifunc.h */ = {isa = PBXFileReference; lastKnownFileType = sourcecode.c.h; path = pgapifunc.h; sourceTree = "<group>"; };
		732C93942CB034440091B8EE /* pgenlist.h */ = {isa = PBXFileReference; lastKnownFileType = sourcecode.c.h; path = pgenlist.h; sourceTree = "<group>"; };
		732C93952CB034440091B8EE /* pgtypes.h */ = {isa = PBXFileReference; lastKnownFileType = sourcecode.c.h; path = pgtypes.h; sourceTree = "<group>"; };
		732C93962CB034440091B8EE /* pgtypes.c */ = {isa = PBXFileReference; lastKnownFileType = sourcecode.c.c; path = pgtypes.c; sourceTree = "<group>"; };
		732C93972CB034440091B8EE /* psqlodbc.h */ = {isa = PBXFileReference; lastKnownFileType = sourcecode.c.h; path = psqlodbc.h; sourceTree = "<group>"; };
		732C93982CB034440091B8EE /* psqlodbc.c */ = {isa = PBXFileReference; lastKnownFileType = sourcecode.c.c; path = psqlodbc.c; sourceTree = "<group>"; };
		732C93992CB034440091B8EE /* qresult.h */ = {isa = PBXFileReference; lastKnownFileType = sourcecode.c.h; path = qresult.h; sourceTree = "<group>"; };
		732C939A2CB034440091B8EE /* qresult.c */ = {isa = PBXFileReference; lastKnownFileType = sourcecode.c.c; path = qresult.c; sourceTree = "<group>"; };
		732C939B2CB034440091B8EE /* resource.h */ = {isa = PBXFileReference; lastKnownFileType = sourcecode.c.h; path = resource.h; sourceTree = "<group>"; };
		732C939C2CB034440091B8EE /* results.c */ = {isa = PBXFileReference; lastKnownFileType = sourcecode.c.c; path = results.c; sourceTree = "<group>"; };
		732C939D2CB034440091B8EE /* statement.h */ = {isa = PBXFileReference; lastKnownFileType = sourcecode.c.h; path = statement.h; sourceTree = "<group>"; };
		732C939E2CB034440091B8EE /* statement.c */ = {isa = PBXFileReference; lastKnownFileType = sourcecode.c.c; path = statement.c; sourceTree = "<group>"; };
		732C939F2CB034440091B8EE /* tuple.h */ = {isa = PBXFileReference; lastKnownFileType = sourcecode.c.h; path = tuple.h; sourceTree = "<group>"; };
		732C93A02CB034440091B8EE /* tuple.c */ = {isa = PBXFileReference; lastKnownFileType = sourcecode.c.c; path = tuple.c; sourceTree = "<group>"; };
		732C93A12CB034440091B8EE /* unicode_support.h */ = {isa = PBXFileReference; lastKnownFileType = sourcecode.c.h; path = unicode_support.h; sourceTree = "<group>"; };
		732C93A22CB034440091B8EE /* version.h */ = {isa = PBXFileReference; lastKnownFileType = sourcecode.c.h; path = version.h; sourceTree = "<group>"; };
		732C93A32CB034440091B8EE /* xalibname.h */ = {isa = PBXFileReference; lastKnownFileType = sourcecode.c.h; path = xalibname.h; sourceTree = "<group>"; };
		732C93D42CB034740091B8EE /* odbcapi30w.c */ = {isa = PBXFileReference; lastKnownFileType = sourcecode.c.c; path = odbcapi30w.c; sourceTree = "<group>"; };
		732C93D52CB034740091B8EE /* odbcapiw.c */ = {isa = PBXFileReference; lastKnownFileType = sourcecode.c.c; path = odbcapiw.c; sourceTree = "<group>"; };
		732C93D62CB034740091B8EE /* win_unicode.c */ = {isa = PBXFileReference; lastKnownFileType = sourcecode.c.c; path = win_unicode.c; sourceTree = "<group>"; };
		732C940A2CB035CC0091B8EE /* adfs.h */ = {isa = PBXFileReference; lastKnownFileType = sourcecode.c.h; path = adfs.h; sourceTree = "<group>"; };
		732C940B2CB035CC0091B8EE /* adfs.cpp */ = {isa = PBXFileReference; lastKnownFileType = sourcecode.cpp.cpp; path = adfs.cpp; sourceTree = "<group>"; };
		732C940D2CB035CC0091B8EE /* federation.h */ = {isa = PBXFileReference; lastKnownFileType = sourcecode.c.h; path = federation.h; sourceTree = "<group>"; };
		732C940E2CB035CC0091B8EE /* federation.cpp */ = {isa = PBXFileReference; lastKnownFileType = sourcecode.cpp.cpp; path = federation.cpp; sourceTree = "<group>"; };
		732C94102CB035CC0091B8EE /* rds_api.h */ = {isa = PBXFileReference; lastKnownFileType = sourcecode.c.h; path = rds_api.h; sourceTree = "<group>"; };
		732C94112CB035CC0091B8EE /* rds_api.cpp */ = {isa = PBXFileReference; lastKnownFileType = sourcecode.cpp.cpp; path = rds_api.cpp; sourceTree = "<group>"; };
		732C941E2CB0380F0091B8EE /* CoreFoundation.framework */ = {isa = PBXFileReference; lastKnownFileType = wrapper.framework; name = CoreFoundation.framework; path = System/Library/Frameworks/CoreFoundation.framework; sourceTree = SDKROOT; };
		732C94202CB0381E0091B8EE /* Security.framework */ = {isa = PBXFileReference; lastKnownFileType = wrapper.framework; name = Security.framework; path = System/Library/Frameworks/Security.framework; sourceTree = SDKROOT; };
		7369D18C2CB0627000CBF22B /* libawspgsqlodbca.dylib */ = {isa = PBXFileReference; explicitFileType = "compiled.mach-o.dylib"; includeInIndex = 0; path = libawspgsqlodbca.dylib; sourceTree = BUILT_PRODUCTS_DIR; };
/* End PBXFileReference section */

/* Begin PBXFrameworksBuildPhase section */
		732C935D2CB023170091B8EE /* Frameworks */ = {
			isa = PBXFrameworksBuildPhase;
			buildActionMask = 2147483647;
			files = (
				732C94212CB0381E0091B8EE /* Security.framework in Frameworks */,
				732C941F2CB0380F0091B8EE /* CoreFoundation.framework in Frameworks */,
			);
			runOnlyForDeploymentPostprocessing = 0;
		};
		7369D1862CB0627000CBF22B /* Frameworks */ = {
			isa = PBXFrameworksBuildPhase;
			buildActionMask = 2147483647;
			files = (
				7369D1872CB0627000CBF22B /* Security.framework in Frameworks */,
				7369D1882CB0627000CBF22B /* CoreFoundation.framework in Frameworks */,
			);
			runOnlyForDeploymentPostprocessing = 0;
		};
/* End PBXFrameworksBuildPhase section */

/* Begin PBXGroup section */
		732C93562CB023170091B8EE = {
			isa = PBXGroup;
			children = (
				732C94132CB035CC0091B8EE /* wrapper */,
				732C93D42CB034740091B8EE /* odbcapi30w.c */,
				732C93D52CB034740091B8EE /* odbcapiw.c */,
				732C93D62CB034740091B8EE /* win_unicode.c */,
				732C93732CB034440091B8EE /* bind.h */,
				732C93742CB034440091B8EE /* bind.c */,
				732C93752CB034440091B8EE /* catfunc.h */,
				732C93762CB034440091B8EE /* columninfo.h */,
				732C93772CB034440091B8EE /* columninfo.c */,
				732C93782CB034440091B8EE /* connection.h */,
				732C93792CB034440091B8EE /* connection.c */,
				732C937A2CB034440091B8EE /* convert.h */,
				732C937B2CB034440091B8EE /* convert.c */,
				732C937C2CB034440091B8EE /* descriptor.h */,
				732C937D2CB034440091B8EE /* descriptor.c */,
				732C937E2CB034440091B8EE /* dlg_specific.h */,
				732C937F2CB034440091B8EE /* dlg_specific.c */,
				732C93802CB034440091B8EE /* drvconn.c */,
				732C93812CB034440091B8EE /* drvconn.lo */,
				732C93822CB034440091B8EE /* environ.h */,
				732C93832CB034440091B8EE /* environ.c */,
				732C93842CB034440091B8EE /* execute.c */,
				732C93852CB034440091B8EE /* info.c */,
				732C93862CB034440091B8EE /* lobj.h */,
				732C93872CB034440091B8EE /* lobj.c */,
				732C93882CB034440091B8EE /* misc.h */,
				732C93892CB034440091B8EE /* misc.c */,
				732C938A2CB034440091B8EE /* multibyte.h */,
				732C938B2CB034440091B8EE /* multibyte.c */,
				732C938C2CB034440091B8EE /* mylog.h */,
				732C938D2CB034440091B8EE /* mylog.c */,
				732C938E2CB034440091B8EE /* odbcapi.c */,
				732C938F2CB034440091B8EE /* odbcapi30.c */,
				732C93902CB034440091B8EE /* options.c */,
				732C93912CB034440091B8EE /* parse.c */,
				732C93922CB034440091B8EE /* pgapi30.c */,
				732C93932CB034440091B8EE /* pgapifunc.h */,
				732C93942CB034440091B8EE /* pgenlist.h */,
				732C93952CB034440091B8EE /* pgtypes.h */,
				732C93962CB034440091B8EE /* pgtypes.c */,
				732C93972CB034440091B8EE /* psqlodbc.h */,
				732C93982CB034440091B8EE /* psqlodbc.c */,
				732C93992CB034440091B8EE /* qresult.h */,
				732C939A2CB034440091B8EE /* qresult.c */,
				732C939B2CB034440091B8EE /* resource.h */,
				732C939C2CB034440091B8EE /* results.c */,
				732C939D2CB034440091B8EE /* statement.h */,
				732C939E2CB034440091B8EE /* statement.c */,
				732C939F2CB034440091B8EE /* tuple.h */,
				732C93A02CB034440091B8EE /* tuple.c */,
				732C93A12CB034440091B8EE /* unicode_support.h */,
				732C93A22CB034440091B8EE /* version.h */,
				732C93A32CB034440091B8EE /* xalibname.h */,
				732C941D2CB0380E0091B8EE /* Frameworks */,
				732C93602CB023170091B8EE /* Products */,
			);
			sourceTree = "<group>";
		};
		732C93602CB023170091B8EE /* Products */ = {
			isa = PBXGroup;
			children = (
				732C935F2CB023170091B8EE /* libawspgsqlodbcw.dylib */,
				7369D18C2CB0627000CBF22B /* libawspgsqlodbca.dylib */,
			);
			name = Products;
			sourceTree = "<group>";
		};
		732C94132CB035CC0091B8EE /* wrapper */ = {
			isa = PBXGroup;
			children = (
				732C940A2CB035CC0091B8EE /* adfs.h */,
				732C940B2CB035CC0091B8EE /* adfs.cpp */,
				732C940D2CB035CC0091B8EE /* federation.h */,
				732C940E2CB035CC0091B8EE /* federation.cpp */,
				732C94102CB035CC0091B8EE /* rds_api.h */,
				732C94112CB035CC0091B8EE /* rds_api.cpp */,
			);
			path = wrapper;
			sourceTree = "<group>";
		};
		732C941D2CB0380E0091B8EE /* Frameworks */ = {
			isa = PBXGroup;
			children = (
				732C94202CB0381E0091B8EE /* Security.framework */,
				732C941E2CB0380F0091B8EE /* CoreFoundation.framework */,
			);
			name = Frameworks;
			sourceTree = "<group>";
		};
/* End PBXGroup section */

/* Begin PBXHeadersBuildPhase section */
		732C935B2CB023170091B8EE /* Headers */ = {
			isa = PBXHeadersBuildPhase;
			buildActionMask = 2147483647;
			files = (
				732C93A42CB034440091B8EE /* environ.h in Headers */,
				732C93A52CB034440091B8EE /* lobj.h in Headers */,
				732C93A62CB034440091B8EE /* convert.h in Headers */,
				732C93A72CB034440091B8EE /* xalibname.h in Headers */,
				732C93A82CB034440091B8EE /* psqlodbc.h in Headers */,
				732C93A92CB034440091B8EE /* bind.h in Headers */,
				732C93AA2CB034440091B8EE /* catfunc.h in Headers */,
				732C93AB2CB034440091B8EE /* descriptor.h in Headers */,
				732C93AC2CB034440091B8EE /* pgapifunc.h in Headers */,
				732C93AD2CB034440091B8EE /* pgenlist.h in Headers */,
				732C93AE2CB034440091B8EE /* mylog.h in Headers */,
				732C93AF2CB034440091B8EE /* multibyte.h in Headers */,
				732C93B02CB034440091B8EE /* tuple.h in Headers */,
				732C93B12CB034440091B8EE /* pgtypes.h in Headers */,
				732C94172CB035CC0091B8EE /* federation.h in Headers */,
				732C94182CB035CC0091B8EE /* rds_api.h in Headers */,
				732C94192CB035CC0091B8EE /* adfs.h in Headers */,
				732C93B22CB034440091B8EE /* unicode_support.h in Headers */,
				732C93B32CB034440091B8EE /* resource.h in Headers */,
				732C93B42CB034440091B8EE /* version.h in Headers */,
				732C93B52CB034440091B8EE /* columninfo.h in Headers */,
				732C93B62CB034440091B8EE /* connection.h in Headers */,
				732C93B72CB034440091B8EE /* dlg_specific.h in Headers */,
				732C93B82CB034440091B8EE /* qresult.h in Headers */,
				732C93B92CB034440091B8EE /* misc.h in Headers */,
				732C93BA2CB034440091B8EE /* statement.h in Headers */,
			);
			runOnlyForDeploymentPostprocessing = 0;
		};
		7369D14B2CB0627000CBF22B /* Headers */ = {
			isa = PBXHeadersBuildPhase;
			buildActionMask = 2147483647;
			files = (
				7369D14C2CB0627000CBF22B /* environ.h in Headers */,
				7369D14D2CB0627000CBF22B /* lobj.h in Headers */,
				7369D14E2CB0627000CBF22B /* convert.h in Headers */,
				7369D14F2CB0627000CBF22B /* xalibname.h in Headers */,
				7369D1502CB0627000CBF22B /* psqlodbc.h in Headers */,
				7369D1512CB0627000CBF22B /* bind.h in Headers */,
				7369D1522CB0627000CBF22B /* catfunc.h in Headers */,
				7369D1532CB0627000CBF22B /* descriptor.h in Headers */,
				7369D1542CB0627000CBF22B /* pgapifunc.h in Headers */,
				7369D1552CB0627000CBF22B /* pgenlist.h in Headers */,
				7369D1562CB0627000CBF22B /* mylog.h in Headers */,
				7369D1572CB0627000CBF22B /* multibyte.h in Headers */,
				7369D1582CB0627000CBF22B /* tuple.h in Headers */,
				7369D1592CB0627000CBF22B /* pgtypes.h in Headers */,
				7369D15A2CB0627000CBF22B /* federation.h in Headers */,
				7369D15B2CB0627000CBF22B /* rds_api.h in Headers */,
				7369D15C2CB0627000CBF22B /* adfs.h in Headers */,
				7369D15D2CB0627000CBF22B /* unicode_support.h in Headers */,
				7369D15E2CB0627000CBF22B /* resource.h in Headers */,
				7369D15F2CB0627000CBF22B /* version.h in Headers */,
				7369D1602CB0627000CBF22B /* columninfo.h in Headers */,
				7369D1612CB0627000CBF22B /* connection.h in Headers */,
				7369D1622CB0627000CBF22B /* dlg_specific.h in Headers */,
				7369D1632CB0627000CBF22B /* qresult.h in Headers */,
				7369D1642CB0627000CBF22B /* misc.h in Headers */,
				7369D1652CB0627000CBF22B /* statement.h in Headers */,
			);
			runOnlyForDeploymentPostprocessing = 0;
		};
/* End PBXHeadersBuildPhase section */

/* Begin PBXNativeTarget section */
		732C935E2CB023170091B8EE /* awspgsqlodbcw */ = {
			isa = PBXNativeTarget;
			buildConfigurationList = 732C936A2CB023170091B8EE /* Build configuration list for PBXNativeTarget "awspgsqlodbcw" */;
			buildPhases = (
				732C935B2CB023170091B8EE /* Headers */,
				732C935C2CB023170091B8EE /* Sources */,
				732C935D2CB023170091B8EE /* Frameworks */,
			);
			buildRules = (
			);
			dependencies = (
			);
			name = awspgsqlodbcw;
			packageProductDependencies = (
			);
			productName = "aws-pgsql-odbc";
			productReference = 732C935F2CB023170091B8EE /* libawspgsqlodbcw.dylib */;
			productType = "com.apple.product-type.library.dynamic";
		};
		7369D14A2CB0627000CBF22B /* awspgsqlodbca */ = {
			isa = PBXNativeTarget;
			buildConfigurationList = 7369D1892CB0627000CBF22B /* Build configuration list for PBXNativeTarget "awspgsqlodbca" */;
			buildPhases = (
				7369D14B2CB0627000CBF22B /* Headers */,
				7369D1662CB0627000CBF22B /* Sources */,
				7369D1862CB0627000CBF22B /* Frameworks */,
			);
			buildRules = (
			);
			dependencies = (
			);
			name = awspgsqlodbca;
			packageProductDependencies = (
			);
			productName = "aws-pgsql-odbc";
			productReference = 7369D18C2CB0627000CBF22B /* libawspgsqlodbca.dylib */;
			productType = "com.apple.product-type.library.dynamic";
		};
/* End PBXNativeTarget section */

/* Begin PBXProject section */
		732C93572CB023170091B8EE /* Project object */ = {
			isa = PBXProject;
			attributes = {
				BuildIndependentTargetsInParallel = 1;
				LastUpgradeCheck = 1600;
				TargetAttributes = {
					732C935E2CB023170091B8EE = {
						CreatedOnToolsVersion = 16.0;
					};
				};
			};
			buildConfigurationList = 732C935A2CB023170091B8EE /* Build configuration list for PBXProject "aws-pgsql-odbc" */;
			developmentRegion = en;
			hasScannedForEncodings = 0;
			knownRegions = (
				en,
				Base,
			);
			mainGroup = 732C93562CB023170091B8EE;
			minimizedProjectReferenceProxies = 1;
			preferredProjectObjectVersion = 77;
			productRefGroup = 732C93602CB023170091B8EE /* Products */;
			projectDirPath = "";
			projectRoot = "";
			targets = (
				7369D14A2CB0627000CBF22B /* awspgsqlodbca */,
				732C935E2CB023170091B8EE /* awspgsqlodbcw */,
			);
		};
/* End PBXProject section */

/* Begin PBXSourcesBuildPhase section */
		732C935C2CB023170091B8EE /* Sources */ = {
			isa = PBXSourcesBuildPhase;
			buildActionMask = 2147483647;
			files = (
				732C93BB2CB034440091B8EE /* drvconn.c in Sources */,
				732C93BC2CB034440091B8EE /* descriptor.c in Sources */,
				732C93BD2CB034440091B8EE /* statement.c in Sources */,
				732C93BE2CB034440091B8EE /* misc.c in Sources */,
				732C93BF2CB034440091B8EE /* lobj.c in Sources */,
				732C93C02CB034440091B8EE /* options.c in Sources */,
				732C93C12CB034440091B8EE /* results.c in Sources */,
				732C93C22CB034440091B8EE /* connection.c in Sources */,
				732C93C32CB034440091B8EE /* qresult.c in Sources */,
				732C93C42CB034440091B8EE /* dlg_specific.c in Sources */,
				732C93C52CB034440091B8EE /* environ.c in Sources */,
				732C93C62CB034440091B8EE /* odbcapi.c in Sources */,
				732C93C72CB034440091B8EE /* odbcapi30.c in Sources */,
				732C93C82CB034440091B8EE /* mylog.c in Sources */,
				732C93C92CB034440091B8EE /* pgtypes.c in Sources */,
				732C93CA2CB034440091B8EE /* parse.c in Sources */,
				732C93CB2CB034440091B8EE /* execute.c in Sources */,
				732C93CC2CB034440091B8EE /* info.c in Sources */,
				732C93CD2CB034440091B8EE /* multibyte.c in Sources */,
				732C93CE2CB034440091B8EE /* tuple.c in Sources */,
				732C93CF2CB034440091B8EE /* columninfo.c in Sources */,
				732C93D02CB034440091B8EE /* pgapi30.c in Sources */,
				732C93D12CB034440091B8EE /* convert.c in Sources */,
				732C93D72CB034740091B8EE /* odbcapi30w.c in Sources */,
				732C93D82CB034740091B8EE /* odbcapiw.c in Sources */,
				732C941A2CB035CC0091B8EE /* federation.cpp in Sources */,
				732C941B2CB035CC0091B8EE /* rds_api.cpp in Sources */,
				732C941C2CB035CC0091B8EE /* adfs.cpp in Sources */,
				732C93D92CB034740091B8EE /* win_unicode.c in Sources */,
				732C93D22CB034440091B8EE /* psqlodbc.c in Sources */,
				732C93D32CB034440091B8EE /* bind.c in Sources */,
			);
			runOnlyForDeploymentPostprocessing = 0;
		};
		7369D1662CB0627000CBF22B /* Sources */ = {
			isa = PBXSourcesBuildPhase;
			buildActionMask = 2147483647;
			files = (
				7369D1672CB0627000CBF22B /* drvconn.c in Sources */,
				7369D1682CB0627000CBF22B /* descriptor.c in Sources */,
				7369D1692CB0627000CBF22B /* statement.c in Sources */,
				7369D16A2CB0627000CBF22B /* misc.c in Sources */,
				7369D16B2CB0627000CBF22B /* lobj.c in Sources */,
				7369D16C2CB0627000CBF22B /* options.c in Sources */,
				7369D16D2CB0627000CBF22B /* results.c in Sources */,
				7369D16E2CB0627000CBF22B /* connection.c in Sources */,
				7369D16F2CB0627000CBF22B /* qresult.c in Sources */,
				7369D1702CB0627000CBF22B /* dlg_specific.c in Sources */,
				7369D1712CB0627000CBF22B /* environ.c in Sources */,
				7369D1722CB0627000CBF22B /* odbcapi.c in Sources */,
				7369D1732CB0627000CBF22B /* odbcapi30.c in Sources */,
				7369D1742CB0627000CBF22B /* mylog.c in Sources */,
				7369D1752CB0627000CBF22B /* pgtypes.c in Sources */,
				7369D1762CB0627000CBF22B /* parse.c in Sources */,
				7369D1772CB0627000CBF22B /* execute.c in Sources */,
				7369D1782CB0627000CBF22B /* info.c in Sources */,
				7369D1792CB0627000CBF22B /* multibyte.c in Sources */,
				7369D17A2CB0627000CBF22B /* tuple.c in Sources */,
				7369D17B2CB0627000CBF22B /* columninfo.c in Sources */,
				7369D17C2CB0627000CBF22B /* pgapi30.c in Sources */,
				7369D17D2CB0627000CBF22B /* convert.c in Sources */,
				7369D1802CB0627000CBF22B /* federation.cpp in Sources */,
				7369D1812CB0627000CBF22B /* rds_api.cpp in Sources */,
				7369D1822CB0627000CBF22B /* adfs.cpp in Sources */,
				7369D1842CB0627000CBF22B /* psqlodbc.c in Sources */,
				7369D1852CB0627000CBF22B /* bind.c in Sources */,
			);
			runOnlyForDeploymentPostprocessing = 0;
		};
/* End PBXSourcesBuildPhase section */

/* Begin XCBuildConfiguration section */
		732C93682CB023170091B8EE /* Debug */ = {
			isa = XCBuildConfiguration;
			buildSettings = {
				ALWAYS_SEARCH_USER_PATHS = NO;
				ASSETCATALOG_COMPILER_GENERATE_SWIFT_ASSET_SYMBOL_EXTENSIONS = YES;
				CLANG_ANALYZER_NONNULL = YES;
				CLANG_ANALYZER_NUMBER_OBJECT_CONVERSION = YES_AGGRESSIVE;
				CLANG_CXX_LANGUAGE_STANDARD = "gnu++20";
				CLANG_ENABLE_MODULES = YES;
				CLANG_ENABLE_OBJC_ARC = YES;
				CLANG_ENABLE_OBJC_WEAK = YES;
				CLANG_WARN_BLOCK_CAPTURE_AUTORELEASING = YES;
				CLANG_WARN_BOOL_CONVERSION = YES;
				CLANG_WARN_COMMA = YES;
				CLANG_WARN_CONSTANT_CONVERSION = YES;
				CLANG_WARN_DEPRECATED_OBJC_IMPLEMENTATIONS = YES;
				CLANG_WARN_DIRECT_OBJC_ISA_USAGE = YES_ERROR;
				CLANG_WARN_DOCUMENTATION_COMMENTS = YES;
				CLANG_WARN_EMPTY_BODY = YES;
				CLANG_WARN_ENUM_CONVERSION = YES;
				CLANG_WARN_INFINITE_RECURSION = YES;
				CLANG_WARN_INT_CONVERSION = YES;
				CLANG_WARN_NON_LITERAL_NULL_CONVERSION = YES;
				CLANG_WARN_OBJC_IMPLICIT_RETAIN_SELF = YES;
				CLANG_WARN_OBJC_LITERAL_CONVERSION = YES;
				CLANG_WARN_OBJC_ROOT_CLASS = YES_ERROR;
				CLANG_WARN_QUOTED_INCLUDE_IN_FRAMEWORK_HEADER = YES;
				CLANG_WARN_RANGE_LOOP_ANALYSIS = YES;
				CLANG_WARN_STRICT_PROTOTYPES = YES;
				CLANG_WARN_SUSPICIOUS_MOVE = YES;
				CLANG_WARN_UNGUARDED_AVAILABILITY = YES_AGGRESSIVE;
				CLANG_WARN_UNREACHABLE_CODE = YES;
				CLANG_WARN__DUPLICATE_METHOD_MATCH = YES;
				COPY_PHASE_STRIP = NO;
				DEBUG_INFORMATION_FORMAT = dwarf;
				ENABLE_STRICT_OBJC_MSGSEND = YES;
				ENABLE_TESTABILITY = YES;
				ENABLE_USER_SCRIPT_SANDBOXING = YES;
				GCC_C_LANGUAGE_STANDARD = gnu17;
				GCC_DYNAMIC_NO_PIC = NO;
				GCC_NO_COMMON_BLOCKS = YES;
				GCC_OPTIMIZATION_LEVEL = 0;
				GCC_PREPROCESSOR_DEFINITIONS = (
					"DEBUG=1",
					"$(inherited)",
				);
				GCC_WARN_64_TO_32_BIT_CONVERSION = YES;
				GCC_WARN_ABOUT_RETURN_TYPE = YES_ERROR;
				GCC_WARN_UNDECLARED_SELECTOR = YES;
				GCC_WARN_UNINITIALIZED_AUTOS = YES_AGGRESSIVE;
				GCC_WARN_UNUSED_FUNCTION = YES;
				GCC_WARN_UNUSED_VARIABLE = YES;
				LOCALIZATION_PREFERS_STRING_CATALOGS = YES;
				MACOSX_DEPLOYMENT_TARGET = 15.0;
				MTL_ENABLE_DEBUG_INFO = INCLUDE_SOURCE;
				MTL_FAST_MATH = YES;
				ONLY_ACTIVE_ARCH = YES;
				SDKROOT = macosx;
			};
			name = Debug;
		};
		732C93692CB023170091B8EE /* Release */ = {
			isa = XCBuildConfiguration;
			buildSettings = {
				ALWAYS_SEARCH_USER_PATHS = NO;
				ASSETCATALOG_COMPILER_GENERATE_SWIFT_ASSET_SYMBOL_EXTENSIONS = YES;
				CLANG_ANALYZER_NONNULL = YES;
				CLANG_ANALYZER_NUMBER_OBJECT_CONVERSION = YES_AGGRESSIVE;
				CLANG_CXX_LANGUAGE_STANDARD = "gnu++20";
				CLANG_ENABLE_MODULES = YES;
				CLANG_ENABLE_OBJC_ARC = YES;
				CLANG_ENABLE_OBJC_WEAK = YES;
				CLANG_WARN_BLOCK_CAPTURE_AUTORELEASING = YES;
				CLANG_WARN_BOOL_CONVERSION = YES;
				CLANG_WARN_COMMA = YES;
				CLANG_WARN_CONSTANT_CONVERSION = YES;
				CLANG_WARN_DEPRECATED_OBJC_IMPLEMENTATIONS = YES;
				CLANG_WARN_DIRECT_OBJC_ISA_USAGE = YES_ERROR;
				CLANG_WARN_DOCUMENTATION_COMMENTS = YES;
				CLANG_WARN_EMPTY_BODY = YES;
				CLANG_WARN_ENUM_CONVERSION = YES;
				CLANG_WARN_INFINITE_RECURSION = YES;
				CLANG_WARN_INT_CONVERSION = YES;
				CLANG_WARN_NON_LITERAL_NULL_CONVERSION = YES;
				CLANG_WARN_OBJC_IMPLICIT_RETAIN_SELF = YES;
				CLANG_WARN_OBJC_LITERAL_CONVERSION = YES;
				CLANG_WARN_OBJC_ROOT_CLASS = YES_ERROR;
				CLANG_WARN_QUOTED_INCLUDE_IN_FRAMEWORK_HEADER = YES;
				CLANG_WARN_RANGE_LOOP_ANALYSIS = YES;
				CLANG_WARN_STRICT_PROTOTYPES = YES;
				CLANG_WARN_SUSPICIOUS_MOVE = YES;
				CLANG_WARN_UNGUARDED_AVAILABILITY = YES_AGGRESSIVE;
				CLANG_WARN_UNREACHABLE_CODE = YES;
				CLANG_WARN__DUPLICATE_METHOD_MATCH = YES;
				COPY_PHASE_STRIP = NO;
				DEBUG_INFORMATION_FORMAT = "dwarf-with-dsym";
				ENABLE_NS_ASSERTIONS = NO;
				ENABLE_STRICT_OBJC_MSGSEND = YES;
				ENABLE_USER_SCRIPT_SANDBOXING = YES;
				GCC_C_LANGUAGE_STANDARD = gnu17;
				GCC_NO_COMMON_BLOCKS = YES;
				GCC_WARN_64_TO_32_BIT_CONVERSION = YES;
				GCC_WARN_ABOUT_RETURN_TYPE = YES_ERROR;
				GCC_WARN_UNDECLARED_SELECTOR = YES;
				GCC_WARN_UNINITIALIZED_AUTOS = YES_AGGRESSIVE;
				GCC_WARN_UNUSED_FUNCTION = YES;
				GCC_WARN_UNUSED_VARIABLE = YES;
				LOCALIZATION_PREFERS_STRING_CATALOGS = YES;
				MACOSX_DEPLOYMENT_TARGET = 15.0;
				MTL_ENABLE_DEBUG_INFO = NO;
				MTL_FAST_MATH = YES;
				SDKROOT = macosx;
			};
			name = Release;
		};
		732C936B2CB023170091B8EE /* Debug */ = {
			isa = XCBuildConfiguration;
			buildSettings = {
				CLANG_CXX_LANGUAGE_STANDARD = "c++17";
				CODE_SIGN_STYLE = Automatic;
				DYLIB_COMPATIBILITY_VERSION = 1;
				DYLIB_CURRENT_VERSION = 1;
				EXECUTABLE_PREFIX = lib;
				GCC_C_LANGUAGE_STANDARD = c17;
				GCC_ENABLE_CPP_EXCEPTIONS = YES;
				GCC_ENABLE_CPP_RTTI = YES;
				GCC_PREPROCESSOR_DEFINITIONS = (
					UNICODE_SUPPORT,
					_DEBUG,
				);
				GCC_SYMBOLS_PRIVATE_EXTERN = YES;
				HEADER_SEARCH_PATHS = (
					"/opt/homebrew/opt/openssl@3/include",
					/opt/homebrew/opt/libpq/include,
					/opt/homebrew/Cellar/unixodbc/2.3.12/include,
					/Applications/Postgres.app/Contents/Versions/17/include,
					/Applications/Postgres.app/Contents/Versions/17/include/postgresql/internal,
					"$(SRCROOT)/aws_sdk/install/include",
				);
				LIBRARY_SEARCH_PATHS = (
					"/opt/homebrew/opt/openssl@3/lib",
					/opt/homebrew/opt/libpq/lib,
					/opt/homebrew/Cellar/unixodbc/2.3.12/lib,
					/Applications/Postgres.app/Contents/Versions/17/lib,
					"$(SRCROOT)/aws_sdk/install/lib",
				);
				OBJROOT = "$(SRCROOT)/build";
				OTHER_LDFLAGS = (
					"-lpq",
					"-lodbcinst",
					"-lcurl",
					"-lz",
					"-laws-c-auth",
					"-laws-c-cal",
					"-laws-c-common",
					"-laws-c-compression",
					"-laws-c-event-stream",
					"-laws-c-http",
					"-laws-c-io",
					"-laws-c-mqtt",
					"-laws-c-s3",
					"-laws-c-sdkutils",
					"-laws-checksums",
					"-laws-crt-cpp",
					"-laws-cpp-sdk-core",
					"-laws-cpp-sdk-sts",
					"-laws-cpp-sdk-rds",
				);
				PRODUCT_NAME = "$(TARGET_NAME)";
				SKIP_INSTALL = YES;
				SYMROOT = "$(SRCROOT)/build";
				WARNING_CFLAGS = "-Wall";
			};
			name = Debug;
		};
		732C936C2CB023170091B8EE /* Release */ = {
			isa = XCBuildConfiguration;
			buildSettings = {
				CLANG_CXX_LANGUAGE_STANDARD = "c++17";
				CODE_SIGN_STYLE = Automatic;
				DYLIB_COMPATIBILITY_VERSION = 1;
				DYLIB_CURRENT_VERSION = 1;
				EXECUTABLE_PREFIX = lib;
				GCC_C_LANGUAGE_STANDARD = c17;
				GCC_ENABLE_CPP_EXCEPTIONS = YES;
				GCC_ENABLE_CPP_RTTI = YES;
				GCC_PREPROCESSOR_DEFINITIONS = UNICODE_SUPPORT;
				GCC_SYMBOLS_PRIVATE_EXTERN = YES;
				HEADER_SEARCH_PATHS = (
					"/opt/homebrew/opt/openssl@3/include",
					/opt/homebrew/opt/libpq/include,
					/opt/homebrew/Cellar/unixodbc/2.3.12/include,
					/Applications/Postgres.app/Contents/Versions/17/include,
					/Applications/Postgres.app/Contents/Versions/17/include/postgresql/internal,
					"$(SRCROOT)/aws_sdk/install/include",
				);
				LIBRARY_SEARCH_PATHS = (
					"/opt/homebrew/opt/openssl@3/lib",
					/opt/homebrew/opt/libpq/lib,
					/opt/homebrew/Cellar/unixodbc/2.3.12/lib,
					/Applications/Postgres.app/Contents/Versions/17/lib,
					"$(SRCROOT)/aws_sdk/install/lib",
				);
				OBJROOT = "$(SRCROOT)/build";
				OTHER_LDFLAGS = (
					"-lpq",
					"-lodbcinst",
					"-lcurl",
					"-lz",
					"-laws-c-auth",
					"-laws-c-cal",
					"-laws-c-common",
					"-laws-c-compression",
					"-laws-c-event-stream",
					"-laws-c-http",
					"-laws-c-io",
					"-laws-c-mqtt",
					"-laws-c-s3",
					"-laws-c-sdkutils",
					"-laws-checksums",
					"-laws-crt-cpp",
					"-laws-cpp-sdk-core",
					"-laws-cpp-sdk-sts",
					"-laws-cpp-sdk-rds",
				);
				PRODUCT_NAME = "$(TARGET_NAME)";
				SKIP_INSTALL = YES;
				SYMROOT = "$(SRCROOT)/build";
				WARNING_CFLAGS = "-Wall";
			};
			name = Release;
		};
		7369D18A2CB0627000CBF22B /* Debug */ = {
			isa = XCBuildConfiguration;
			buildSettings = {
				CLANG_CXX_LANGUAGE_STANDARD = "c++17";
				CODE_SIGN_STYLE = Automatic;
				DYLIB_COMPATIBILITY_VERSION = 1;
				DYLIB_CURRENT_VERSION = 1;
				EXECUTABLE_PREFIX = lib;
				GCC_C_LANGUAGE_STANDARD = c17;
				GCC_ENABLE_CPP_EXCEPTIONS = YES;
				GCC_ENABLE_CPP_RTTI = YES;
				GCC_PREPROCESSOR_DEFINITIONS = _DEBUG;
				GCC_SYMBOLS_PRIVATE_EXTERN = YES;
				HEADER_SEARCH_PATHS = (
					"/opt/homebrew/opt/openssl@3/include",
					/opt/homebrew/opt/libpq/include,
					/opt/homebrew/Cellar/unixodbc/2.3.12/include,
					/Applications/Postgres.app/Contents/Versions/17/include,
					/Applications/Postgres.app/Contents/Versions/17/include/postgresql/internal,
					"$(SRCROOT)/aws_sdk/install/include",
				);
				LIBRARY_SEARCH_PATHS = (
					"/opt/homebrew/opt/openssl@3/lib",
					/opt/homebrew/opt/libpq/lib,
					/opt/homebrew/Cellar/unixodbc/2.3.12/lib,
					/Applications/Postgres.app/Contents/Versions/17/lib,
					"$(SRCROOT)/aws_sdk/install/lib",
				);
				OBJROOT = "$(SRCROOT)/build";
				OTHER_LDFLAGS = (
					"-lpq",
					"-lodbcinst",
					"-lcurl",
					"-lz",
					"-laws-c-auth",
					"-laws-c-cal",
					"-laws-c-common",
					"-laws-c-compression",
					"-laws-c-event-stream",
					"-laws-c-http",
					"-laws-c-io",
					"-laws-c-mqtt",
					"-laws-c-s3",
					"-laws-c-sdkutils",
					"-laws-checksums",
					"-laws-crt-cpp",
					"-laws-cpp-sdk-core",
					"-laws-cpp-sdk-sts",
					"-laws-cpp-sdk-rds",
				);
				PRODUCT_NAME = "$(TARGET_NAME)";
				SKIP_INSTALL = YES;
				SYMROOT = "$(SRCROOT)/build";
				WARNING_CFLAGS = "-Wall";
			};
			name = Debug;
		};
		7369D18B2CB0627000CBF22B /* Release */ = {
			isa = XCBuildConfiguration;
			buildSettings = {
				CLANG_CXX_LANGUAGE_STANDARD = "c++17";
				CODE_SIGN_STYLE = Automatic;
				DYLIB_COMPATIBILITY_VERSION = 1;
				DYLIB_CURRENT_VERSION = 1;
				EXECUTABLE_PREFIX = lib;
				GCC_C_LANGUAGE_STANDARD = c17;
				GCC_ENABLE_CPP_EXCEPTIONS = YES;
				GCC_ENABLE_CPP_RTTI = YES;
				GCC_PREPROCESSOR_DEFINITIONS = "";
				GCC_SYMBOLS_PRIVATE_EXTERN = YES;
				HEADER_SEARCH_PATHS = (
					"/opt/homebrew/opt/openssl@3/include",
					/opt/homebrew/opt/libpq/include,
					/opt/homebrew/Cellar/unixodbc/2.3.12/include,
					/Applications/Postgres.app/Contents/Versions/17/include,
					/Applications/Postgres.app/Contents/Versions/17/include/postgresql/internal,
					"$(SRCROOT)/aws_sdk/install/include",
				);
				LIBRARY_SEARCH_PATHS = (
					"/opt/homebrew/opt/openssl@3/lib",
					/opt/homebrew/opt/libpq/lib,
					/opt/homebrew/Cellar/unixodbc/2.3.12/lib,
					/Applications/Postgres.app/Contents/Versions/17/lib,
					"$(SRCROOT)/aws_sdk/install/lib",
				);
				OBJROOT = "$(SRCROOT)/build";
				OTHER_LDFLAGS = (
					"-lpq",
					"-lodbcinst",
					"-lcurl",
					"-lz",
					"-laws-c-auth",
					"-laws-c-cal",
					"-laws-c-common",
					"-laws-c-compression",
					"-laws-c-event-stream",
					"-laws-c-http",
					"-laws-c-io",
					"-laws-c-mqtt",
					"-laws-c-s3",
					"-laws-c-sdkutils",
					"-laws-checksums",
					"-laws-crt-cpp",
					"-laws-cpp-sdk-core",
					"-laws-cpp-sdk-sts",
					"-laws-cpp-sdk-rds",
				);
				PRODUCT_NAME = "$(TARGET_NAME)";
				SKIP_INSTALL = YES;
				SYMROOT = "$(SRCROOT)/build";
				WARNING_CFLAGS = "-Wall";
			};
			name = Release;
		};
/* End XCBuildConfiguration section */

/* Begin XCConfigurationList section */
		732C935A2CB023170091B8EE /* Build configuration list for PBXProject "aws-pgsql-odbc" */ = {
			isa = XCConfigurationList;
			buildConfigurations = (
				732C93682CB023170091B8EE /* Debug */,
				732C93692CB023170091B8EE /* Release */,
			);
			defaultConfigurationIsVisible = 0;
			defaultConfigurationName = Release;
		};
		732C936A2CB023170091B8EE /* Build configuration list for PBXNativeTarget "awspgsqlodbcw" */ = {
			isa = XCConfigurationList;
			buildConfigurations = (
				732C936B2CB023170091B8EE /* Debug */,
				732C936C2CB023170091B8EE /* Release */,
			);
			defaultConfigurationIsVisible = 0;
			defaultConfigurationName = Release;
		};
		7369D1892CB0627000CBF22B /* Build configuration list for PBXNativeTarget "awspgsqlodbca" */ = {
			isa = XCConfigurationList;
			buildConfigurations = (
				7369D18A2CB0627000CBF22B /* Debug */,
				7369D18B2CB0627000CBF22B /* Release */,
			);
			defaultConfigurationIsVisible = 0;
			defaultConfigurationName = Release;
		};
/* End XCConfigurationList section */
	};
	rootObject = 732C93572CB023170091B8EE /* Project object */;
}
